lockfileVersion: '9.0'

settings:
  autoInstallPeers: true
  excludeLinksFromLockfile: false

importers:

  .:
    dependencies:
      uint8-util:
        specifier: ^2.2.5
        version: 2.3.2

packages:

  uint8-util@2.3.2:
    resolution: {integrity: sha512-u1c0/eiT1IW+c5+ogbmE2Fu2hmtJQPkuzDmXD/4crMU4FPMjkTkFnjJ2NN/9AsZ9YWcc7yE869uc3WB8wIZEEA==}

snapshots:

  uint8-util@2.3.2: {}
